
Microsoft Visual Studio Solution File, Format Version 12.00
# Visual Studio 14
VisualStudioVersion = 14.0.22609.0
MinimumVisualStudioVersion = 10.0.40219.1
Project("{FAE04EC0-301F-11D3-BF4B-00C04F79EFBC}") = "x-skynet.Web", "x-skynet.Web\x-skynet.Web.csproj", "{B8024CC4-140C-4E7B-9F87-1C8477EAEE39}"
EndProject
Global
	GlobalSection(SolutionConfigurationPlatforms) = preSolution
		Debug|Any CPU = Debug|Any CPU
		Release|Any CPU = Release|Any CPU
	EndGlobalSection
	GlobalSection(ProjectConfigurationPlatforms) = postSolution
		{B8024CC4-140C-4E7B-9F87-1C8477EAEE39}.Debug|Any CPU.ActiveCfg = Debug|Any CPU
		{B8024CC4-140C-4E7B-9F87-1C8477EAEE39}.Debug|Any CPU.Build.0 = Debug|Any CPU
		{B8024CC4-140C-4E7B-9F87-1C8477EAEE39}.Release|Any CPU.ActiveCfg = Release|Any CPU
		{B8024CC4-140C-4E7B-9F87-1C8477EAEE39}.Release|Any CPU.Build.0 = Release|Any CPU
	EndGlobalSection
	GlobalSection(SolutionProperties) = preSolution
		HideSolutionNode = FALSE
	EndGlobalSection
EndGlobal
